
Microsoft Visual Studio Solution File, Format Version 12.00
# Visual Studio Version 16
VisualStudioVersion = 16.0.28803.352
MinimumVisualStudioVersion = 10.0.40219.1
Project("{8BC9CEB8-8B4A-11D0-8D11-00A0C91BC942}") = "DangerousForLoop", "DangerousForLoop\DangerousForLoop.vcxproj", "{095EC714-FCC3-4EDE-869C-5B32F01CECA5}"
EndProject
Global
	GlobalSection(SolutionConfigurationPlatforms) = preSolution
		Debug|x64 = Debug|x64
		Debug|x86 = Debug|x86
		Release|x64 = Release|x64
		Release|x86 = Release|x86
	EndGlobalSection
	GlobalSection(ProjectConfigurationPlatforms) = postSolution
		{095EC714-FCC3-4EDE-869C-5B32F01CECA5}.Debug|x64.ActiveCfg = Debug|x64
		{095EC714-FCC3-4EDE-869C-5B32F01CECA5}.Debug|x64.Build.0 = Debug|x64
		{095EC714-FCC3-4EDE-869C-5B32F01CECA5}.Debug|x86.ActiveCfg = Debug|Win32
		{095EC714-FCC3-4EDE-869C-5B32F01CECA5}.Debug|x86.Build.0 = Debug|Win32
		{095EC714-FCC3-4EDE-869C-5B32F01CECA5}.Release|x64.ActiveCfg = Release|x64
		{095EC714-FCC3-4EDE-869C-5B32F01CECA5}.Release|x64.Build.0 = Release|x64
		{095EC714-FCC3-4EDE-869C-5B32F01CECA5}.Release|x86.ActiveCfg = Release|Win32
		{095EC714-FCC3-4EDE-869C-5B32F01CECA5}.Release|x86.Build.0 = Release|Win32
	EndGlobalSection
	GlobalSection(SolutionProperties) = preSolution
		HideSolutionNode = FALSE
	EndGlobalSection
	GlobalSection(ExtensibilityGlobals) = postSolution
		SolutionGuid = {FD0C0967-3FFD-4D1C-A1FE-C5B9359163F7}
	EndGlobalSection
EndGlobal
